Microsoft Visual Studio Solution File, Format Version 12.00
# Visual Studio Version 17
VisualStudioVersion = 17.14.36221.1
MinimumVisualStudioVersion = 10.0.40219.1
Project("{8BC9CEB8-8B4A-11D0-8D11-00A0C91BC942}") = "Common", "Common\Common.vcxproj", "{05774CF5-5EB5-455B-8ADF-707FB11F2F9F}"
EndProject
Project("{8BC9CEB8-8B4A-11D0-8D11-00A0C91BC942}") = "01_RenderingQuadangle", "01_RenderingQuadangle\01_RenderingQuadangle.vcxproj", "{AFD07354-09F1-4F80-93C6-8D16EEAC6D7D}"
EndProject
Project("{8BC9CEB8-8B4A-11D0-8D11-00A0C91BC942}") = "02_RenderingCube", "02_RenderingCube\02_RenderingCube.vcxproj", "{3BC61C23-5239-4575-8FF2-768FBE3A9724}"
EndProject
Project("{8BC9CEB8-8B4A-11D0-8D11-00A0C91BC942}") = "03_RenderingMeshAndSceneGraph", "03_RenderingMeshAndSceneGraph\03_RenderingMeshAndSceneGraph.vcxproj", "{F35C059D-BBBB-4C5E-B89F-B92FA7A38214}"
EndProject
Project("{8BC9CEB8-8B4A-11D0-8D11-00A0C91BC942}") = "04_RenderingMeshWithTexture", "04_RenderingMeshWithTexture\04_RenderingMeshWithTexture.vcxproj", "{12DAAF4D-8665-47D3-939E-67C749FBA2B0}"
EndProject
Project("{8BC9CEB8-8B4A-11D0-8D11-00A0C91BC942}") = "05_Mesh", "05_Mesh\05_Mesh.vcxproj", "{044FC110-7385-4A95-9989-B8A13CD64BC8}"
EndProject
Project("{8BC9CEB8-8B4A-11D0-8D11-00A0C91BC942}") = "06_pmx", "06_pmx\06_pmx.vcxproj", "{E3393DE4-0F71-4689-872B-FFADEF3E0964}"
EndProject
Project("{8BC9CEB8-8B4A-11D0-8D11-00A0C91BC942}") = "07_pmxTexture", "07_pmxTexture\07_pmxTexture.vcxproj", "{20C776A5-029A-41A7-877F-FDC0F487FD20}"
EndProject
Project("{8BC9CEB8-8B4A-11D0-8D11-00A0C91BC942}") = "08_ImguiSystemInfo", "08_ImguiSystemInfo\08_ImguiSystemInfo.vcxproj", "{4802A511-C5C7-455B-9F85-FFFAEE99E5FE}"
EndProject
Project("{8BC9CEB8-8B4A-11D0-8D11-00A0C91BC942}") = "09_Lighting", "09_Lighting\09_Lighting.vcxproj", "{4A75D11F-42F6-4782-AD92-06E3082F0EC1}"
EndProject
Project("{8BC9CEB8-8B4A-11D0-8D11-00A0C91BC942}") = "10_StaticCube_SkyBox", "10_StaticCube_SkyBox\10_StaticCube_SkyBox.vcxproj", "{23068BB2-7C48-4C00-B64C-C3509358774B}"
EndProject
Project("{8BC9CEB8-8B4A-11D0-8D11-00A0C91BC942}") = "11_Live2D", "11_Live2D\11_Live2D.vcxproj", "{FB9CB096-3C4E-4C79-9586-1C51C4C6766B}"
EndProject
Project("{8BC9CEB8-8B4A-11D0-8D11-00A0C91BC942}") = "12_Lighting_BlinnPhong", "12_Lighting_BlinnPhong\12_Lighting_BlinnPhong.vcxproj", "{2C29B6F0-1989-47F5-8A0A-6EF87742C85E}"
EndProject
Project("{8BC9CEB8-8B4A-11D0-8D11-00A0C91BC942}") = "13_LineRenderer_AxisDebug", "13_LineRenderer_AxisDebug\13_LineRenderer_AxisDebug.vcxproj", "{39095196-2E52-4198-8500-2B4C0C933A82}"
EndProject
Project("{8BC9CEB8-8B4A-11D0-8D11-00A0C91BC942}") = "14_Lighting_Phong", "14_Lighting_Phong\14_Lighting_Phong.vcxproj", "{CF21F57A-1AA3-4D87-BCEA-270FC83ABB6D}"
EndProject
Project("{8BC9CEB8-8B4A-11D0-8D11-00A0C91BC942}") = "15_pmxWithPhong", "15_pmxWithPhong\15_pmxWithPhong.vcxproj", "{A3702BC0-FB2C-4A74-8EFE-AFFBF4E1E441}"
EndProject
Project("{8BC9CEB8-8B4A-11D0-8D11-00A0C91BC942}") = "16_NormalMapping", "16_NormalMapping\16_NormalMapping.vcxproj", "{E1B56463-8C68-4AEE-9BE8-1D3D34E6D778}"
EndProject
Project("{8BC9CEB8-8B4A-11D0-8D11-00A0C91BC942}") = "17_fbx_pmx_obj_WithPhong", "17_fbx_pmx_obj_WithPhong\17_fbx_pmx_obj_WithPhong.vcxproj", "{C30670DD-2EDF-4614-825C-08829E8ED9B5}"
EndProject
Project("{8BC9CEB8-8B4A-11D0-8D11-00A0C91BC942}") = "18_fbx_Animation", "18_fbx_Animation\18_fbx_Animation.vcxproj", "{4C6284AC-945B-450F-92AE-6CEFBDE941C6}"
EndProject
Project("{8BC9CEB8-8B4A-11D0-8D11-00A0C91BC942}") = "19_MultiModels", "19_MultiModels\19_MultiModels.vcxproj", "{AF9F8B7E-C0CE-46D6-BC8E-49A64513C60A}"
EndProject
Project("{8BC9CEB8-8B4A-11D0-8D11-00A0C91BC942}") = "20_Depth_And_Alpha_Issue", "20_Depth_And_Alpha_Issue\20_Depth_And_Alpha_Issue.vcxproj", "{D12C77AD-70EB-4764-968E-8693F1095BAE}"
EndProject
Project("{8BC9CEB8-8B4A-11D0-8D11-00A0C91BC942}") = "21_MultiModels_With_Animations", "21_MultiModels_With_Animations\21_MultiModels_With_Animations.vcxproj", "{BD4D713A-6A74-47BF-8F18-0DEC69F66F7B}"
EndProject
Project("{8BC9CEB8-8B4A-11D0-8D11-00A0C91BC942}") = "22_VMD", "22_VMD\22_VMD.vcxproj", "{6FA61378-1744-4C0A-8A36-1E4FBA04D3DB}"
EndProject
Project("{8BC9CEB8-8B4A-11D0-8D11-00A0C91BC942}") = "23_Rigid_Animation", "23_Rigid_Animation\23_Rigid_Animation.vcxproj", "{FFFE01DE-10B2-408A-9149-03905B5D473F}"
EndProject

Project("{8BC9CEB8-8B4A-11D0-8D11-00A0C91BC942}") = "24_Skinned_With_Bone_Structure", "24_Skinned_With_Bone_Structure\24_Skinned_With_Bone_Structure.vcxproj", "{570FD717-0614-4305-AB85-061A0A8E97BB}"
EndProject
Project("{8BC9CEB8-8B4A-11D0-8D11-00A0C91BC942}") = "25_ToonShading_Outline", "25_ToonShading_Outline\25_ToonShading_Outline.vcxproj", "{E706DA0C-EAB8-4CAB-B3F3-254279BCD4DB}"
EndProject
Project("{8BC9CEB8-8B4A-11D0-8D11-00A0C91BC942}") = "26_ShadowMap_PCF", "26_ShadowMap_PCF\26_ShadowMap_PCF.vcxproj", "{63EA0E96-2032-49C5-BE91-F84C791131CD}"
EndProject
Project("{8BC9CEB8-8B4A-11D0-8D11-00A0C91BC942}") = "27_DebugDraw", "27_DebugDraw\27_DebugDraw.vcxproj", "{7229C48C-C11B-468F-82D3-879DEB5B8BA6}"
EndProject
Project("{8BC9CEB8-8B4A-11D0-8D11-00A0C91BC942}") = "28_Scene_Shared3DModel_Animation", "28_Scene_Shared3DModel_Animation\28_Scene_Shared3DModel_Animation.vcxproj", "{10F9C3FA-66A5-464B-B9E9-52B2BAE78F7A}"
EndProject
Global
	GlobalSection(SolutionConfigurationPlatforms) = preSolution
		Debug|x64 = Debug|x64
		Debug|x86 = Debug|x86
		Release|x64 = Release|x64
		Release|x86 = Release|x86
	EndGlobalSection
	GlobalSection(ProjectConfigurationPlatforms) = postSolution
		{05774CF5-5EB5-455B-8ADF-707FB11F2F9F}.Debug|x64.ActiveCfg = Debug|x64
		{05774CF5-5EB5-455B-8ADF-707FB11F2F9F}.Debug|x64.Build.0 = Debug|x64
		{05774CF5-5EB5-455B-8ADF-707FB11F2F9F}.Debug|x86.ActiveCfg = Debug|Win32
		{05774CF5-5EB5-455B-8ADF-707FB11F2F9F}.Debug|x86.Build.0 = Debug|Win32
		{05774CF5-5EB5-455B-8ADF-707FB11F2F9F}.Release|x64.ActiveCfg = Release|x64
		{05774CF5-5EB5-455B-8ADF-707FB11F2F9F}.Release|x64.Build.0 = Release|x64
		{05774CF5-5EB5-455B-8ADF-707FB11F2F9F}.Release|x86.ActiveCfg = Release|Win32
		{05774CF5-5EB5-455B-8ADF-707FB11F2F9F}.Release|x86.Build.0 = Release|Win32
		{AFD07354-09F1-4F80-93C6-8D16EEAC6D7D}.Debug|x64.ActiveCfg = Debug|x64
		{AFD07354-09F1-4F80-93C6-8D16EEAC6D7D}.Debug|x64.Build.0 = Debug|x64
		{AFD07354-09F1-4F80-93C6-8D16EEAC6D7D}.Debug|x86.ActiveCfg = Debug|Win32
		{AFD07354-09F1-4F80-93C6-8D16EEAC6D7D}.Debug|x86.Build.0 = Debug|Win32
		{AFD07354-09F1-4F80-93C6-8D16EEAC6D7D}.Release|x64.ActiveCfg = Release|x64
		{AFD07354-09F1-4F80-93C6-8D16EEAC6D7D}.Release|x64.Build.0 = Release|x64
		{AFD07354-09F1-4F80-93C6-8D16EEAC6D7D}.Release|x86.ActiveCfg = Release|Win32
		{AFD07354-09F1-4F80-93C6-8D16EEAC6D7D}.Release|x86.Build.0 = Release|Win32
		{3BC61C23-5239-4575-8FF2-768FBE3A9724}.Debug|x64.ActiveCfg = Debug|x64
		{3BC61C23-5239-4575-8FF2-768FBE3A9724}.Debug|x64.Build.0 = Debug|x64
		{3BC61C23-5239-4575-8FF2-768FBE3A9724}.Debug|x86.ActiveCfg = Debug|Win32
		{3BC61C23-5239-4575-8FF2-768FBE3A9724}.Debug|x86.Build.0 = Debug|Win32
		{3BC61C23-5239-4575-8FF2-768FBE3A9724}.Release|x64.ActiveCfg = Release|x64
		{3BC61C23-5239-4575-8FF2-768FBE3A9724}.Release|x64.Build.0 = Release|x64
		{3BC61C23-5239-4575-8FF2-768FBE3A9724}.Release|x86.ActiveCfg = Release|Win32
		{3BC61C23-5239-4575-8FF2-768FBE3A9724}.Release|x86.Build.0 = Release|Win32
		{F35C059D-BBBB-4C5E-B89F-B92FA7A38214}.Debug|x64.ActiveCfg = Debug|x64
		{F35C059D-BBBB-4C5E-B89F-B92FA7A38214}.Debug|x64.Build.0 = Debug|x64
		{F35C059D-BBBB-4C5E-B89F-B92FA7A38214}.Debug|x86.ActiveCfg = Debug|Win32
		{F35C059D-BBBB-4C5E-B89F-B92FA7A38214}.Debug|x86.Build.0 = Debug|Win32
		{F35C059D-BBBB-4C5E-B89F-B92FA7A38214}.Release|x64.ActiveCfg = Release|x64
		{F35C059D-BBBB-4C5E-B89F-B92FA7A38214}.Release|x64.Build.0 = Release|x64
		{F35C059D-BBBB-4C5E-B89F-B92FA7A38214}.Release|x86.ActiveCfg = Release|Win32
		{F35C059D-BBBB-4C5E-B89F-B92FA7A38214}.Release|x86.Build.0 = Release|Win32
		{12DAAF4D-8665-47D3-939E-67C749FBA2B0}.Debug|x64.ActiveCfg = Debug|x64
		{12DAAF4D-8665-47D3-939E-67C749FBA2B0}.Debug|x64.Build.0 = Debug|x64
		{12DAAF4D-8665-47D3-939E-67C749FBA2B0}.Debug|x86.ActiveCfg = Debug|Win32
		{12DAAF4D-8665-47D3-939E-67C749FBA2B0}.Debug|x86.Build.0 = Debug|Win32
		{12DAAF4D-8665-47D3-939E-67C749FBA2B0}.Release|x64.ActiveCfg = Release|x64
		{12DAAF4D-8665-47D3-939E-67C749FBA2B0}.Release|x64.Build.0 = Release|x64
		{12DAAF4D-8665-47D3-939E-67C749FBA2B0}.Release|x86.ActiveCfg = Release|Win32
		{12DAAF4D-8665-47D3-939E-67C749FBA2B0}.Release|x86.Build.0 = Release|Win32
		{044FC110-7385-4A95-9989-B8A13CD64BC8}.Debug|x64.ActiveCfg = Debug|x64
		{044FC110-7385-4A95-9989-B8A13CD64BC8}.Debug|x64.Build.0 = Debug|x64
		{044FC110-7385-4A95-9989-B8A13CD64BC8}.Debug|x86.ActiveCfg = Debug|Win32
		{044FC110-7385-4A95-9989-B8A13CD64BC8}.Debug|x86.Build.0 = Debug|Win32
		{044FC110-7385-4A95-9989-B8A13CD64BC8}.Release|x64.ActiveCfg = Release|x64
		{044FC110-7385-4A95-9989-B8A13CD64BC8}.Release|x64.Build.0 = Release|x64
		{044FC110-7385-4A95-9989-B8A13CD64BC8}.Release|x86.ActiveCfg = Release|Win32
		{044FC110-7385-4A95-9989-B8A13CD64BC8}.Release|x86.Build.0 = Release|Win32
		{E3393DE4-0F71-4689-872B-FFADEF3E0964}.Debug|x64.ActiveCfg = Debug|x64
		{E3393DE4-0F71-4689-872B-FFADEF3E0964}.Debug|x64.Build.0 = Debug|x64
		{E3393DE4-0F71-4689-872B-FFADEF3E0964}.Debug|x86.ActiveCfg = Debug|Win32
		{E3393DE4-0F71-4689-872B-FFADEF3E0964}.Debug|x86.Build.0 = Debug|Win32
		{E3393DE4-0F71-4689-872B-FFADEF3E0964}.Release|x64.ActiveCfg = Release|x64
		{E3393DE4-0F71-4689-872B-FFADEF3E0964}.Release|x64.Build.0 = Release|x64
		{E3393DE4-0F71-4689-872B-FFADEF3E0964}.Release|x86.ActiveCfg = Release|Win32
		{E3393DE4-0F71-4689-872B-FFADEF3E0964}.Release|x86.Build.0 = Release|Win32
		{20C776A5-029A-41A7-877F-FDC0F487FD20}.Debug|x64.ActiveCfg = Debug|x64
		{20C776A5-029A-41A7-877F-FDC0F487FD20}.Debug|x64.Build.0 = Debug|x64
		{20C776A5-029A-41A7-877F-FDC0F487FD20}.Debug|x86.ActiveCfg = Debug|Win32
		{20C776A5-029A-41A7-877F-FDC0F487FD20}.Debug|x86.Build.0 = Debug|Win32
		{20C776A5-029A-41A7-877F-FDC0F487FD20}.Release|x64.ActiveCfg = Release|x64
		{20C776A5-029A-41A7-877F-FDC0F487FD20}.Release|x64.Build.0 = Release|x64
		{20C776A5-029A-41A7-877F-FDC0F487FD20}.Release|x86.ActiveCfg = Release|Win32
		{20C776A5-029A-41A7-877F-FDC0F487FD20}.Release|x86.Build.0 = Release|Win32
		{4802A511-C5C7-455B-9F85-FFFAEE99E5FE}.Debug|x64.ActiveCfg = Debug|x64
		{4802A511-C5C7-455B-9F85-FFFAEE99E5FE}.Debug|x64.Build.0 = Debug|x64
		{4802A511-C5C7-455B-9F85-FFFAEE99E5FE}.Debug|x86.ActiveCfg = Debug|Win32
		{4802A511-C5C7-455B-9F85-FFFAEE99E5FE}.Debug|x86.Build.0 = Debug|Win32
		{4802A511-C5C7-455B-9F85-FFFAEE99E5FE}.Release|x64.ActiveCfg = Release|x64
		{4802A511-C5C7-455B-9F85-FFFAEE99E5FE}.Release|x64.Build.0 = Release|x64
		{4802A511-C5C7-455B-9F85-FFFAEE99E5FE}.Release|x86.ActiveCfg = Release|Win32
		{4802A511-C5C7-455B-9F85-FFFAEE99E5FE}.Release|x86.Build.0 = Release|Win32
		{4A75D11F-42F6-4782-AD92-06E3082F0EC1}.Debug|x64.ActiveCfg = Debug|x64
		{4A75D11F-42F6-4782-AD92-06E3082F0EC1}.Debug|x64.Build.0 = Debug|x64
		{4A75D11F-42F6-4782-AD92-06E3082F0EC1}.Debug|x86.ActiveCfg = Debug|Win32
		{4A75D11F-42F6-4782-AD92-06E3082F0EC1}.Debug|x86.Build.0 = Debug|Win32
		{4A75D11F-42F6-4782-AD92-06E3082F0EC1}.Release|x64.ActiveCfg = Release|x64
		{4A75D11F-42F6-4782-AD92-06E3082F0EC1}.Release|x64.Build.0 = Release|x64
		{4A75D11F-42F6-4782-AD92-06E3082F0EC1}.Release|x86.ActiveCfg = Release|Win32
		{4A75D11F-42F6-4782-AD92-06E3082F0EC1}.Release|x86.Build.0 = Release|Win32
		{23068BB2-7C48-4C00-B64C-C3509358774B}.Debug|x64.ActiveCfg = Debug|x64
		{23068BB2-7C48-4C00-B64C-C3509358774B}.Debug|x64.Build.0 = Debug|x64
		{23068BB2-7C48-4C00-B64C-C3509358774B}.Debug|x86.ActiveCfg = Debug|Win32
		{23068BB2-7C48-4C00-B64C-C3509358774B}.Debug|x86.Build.0 = Debug|Win32
		{23068BB2-7C48-4C00-B64C-C3509358774B}.Release|x64.ActiveCfg = Release|x64
		{23068BB2-7C48-4C00-B64C-C3509358774B}.Release|x64.Build.0 = Release|x64
		{23068BB2-7C48-4C00-B64C-C3509358774B}.Release|x86.ActiveCfg = Release|Win32
		{23068BB2-7C48-4C00-B64C-C3509358774B}.Release|x86.Build.0 = Release|Win32
		{FB9CB096-3C4E-4C79-9586-1C51C4C6766B}.Debug|x64.ActiveCfg = Debug|x64
		{FB9CB096-3C4E-4C79-9586-1C51C4C6766B}.Debug|x64.Build.0 = Debug|x64
		{FB9CB096-3C4E-4C79-9586-1C51C4C6766B}.Debug|x86.ActiveCfg = Debug|Win32
		{FB9CB096-3C4E-4C79-9586-1C51C4C6766B}.Debug|x86.Build.0 = Debug|Win32
		{FB9CB096-3C4E-4C79-9586-1C51C4C6766B}.Release|x64.ActiveCfg = Release|x64
		{FB9CB096-3C4E-4C79-9586-1C51C4C6766B}.Release|x64.Build.0 = Release|x64
		{FB9CB096-3C4E-4C79-9586-1C51C4C6766B}.Release|x86.ActiveCfg = Release|Win32
		{FB9CB096-3C4E-4C79-9586-1C51C4C6766B}.Release|x86.Build.0 = Release|Win32
		{2C29B6F0-1989-47F5-8A0A-6EF87742C85E}.Debug|x64.ActiveCfg = Debug|x64
		{2C29B6F0-1989-47F5-8A0A-6EF87742C85E}.Debug|x64.Build.0 = Debug|x64
		{2C29B6F0-1989-47F5-8A0A-6EF87742C85E}.Debug|x86.ActiveCfg = Debug|Win32
		{2C29B6F0-1989-47F5-8A0A-6EF87742C85E}.Debug|x86.Build.0 = Debug|Win32
		{2C29B6F0-1989-47F5-8A0A-6EF87742C85E}.Release|x64.ActiveCfg = Release|x64
		{2C29B6F0-1989-47F5-8A0A-6EF87742C85E}.Release|x64.Build.0 = Release|x64
		{2C29B6F0-1989-47F5-8A0A-6EF87742C85E}.Release|x86.ActiveCfg = Release|Win32
		{2C29B6F0-1989-47F5-8A0A-6EF87742C85E}.Release|x86.Build.0 = Release|Win32
		{39095196-2E52-4198-8500-2B4C0C933A82}.Debug|x64.ActiveCfg = Debug|x64
		{39095196-2E52-4198-8500-2B4C0C933A82}.Debug|x64.Build.0 = Debug|x64
		{39095196-2E52-4198-8500-2B4C0C933A82}.Debug|x86.ActiveCfg = Debug|Win32
		{39095196-2E52-4198-8500-2B4C0C933A82}.Debug|x86.Build.0 = Debug|Win32
		{39095196-2E52-4198-8500-2B4C0C933A82}.Release|x64.ActiveCfg = Release|x64
		{39095196-2E52-4198-8500-2B4C0C933A82}.Release|x64.Build.0 = Release|x64
		{39095196-2E52-4198-8500-2B4C0C933A82}.Release|x86.ActiveCfg = Release|Win32
		{39095196-2E52-4198-8500-2B4C0C933A82}.Release|x86.Build.0 = Release|Win32
		{CF21F57A-1AA3-4D87-BCEA-270FC83ABB6D}.Debug|x64.ActiveCfg = Debug|x64
		{CF21F57A-1AA3-4D87-BCEA-270FC83ABB6D}.Debug|x64.Build.0 = Debug|x64
		{CF21F57A-1AA3-4D87-BCEA-270FC83ABB6D}.Debug|x86.ActiveCfg = Debug|Win32
		{CF21F57A-1AA3-4D87-BCEA-270FC83ABB6D}.Debug|x86.Build.0 = Debug|Win32
		{CF21F57A-1AA3-4D87-BCEA-270FC83ABB6D}.Release|x64.ActiveCfg = Release|x64
		{CF21F57A-1AA3-4D87-BCEA-270FC83ABB6D}.Release|x64.Build.0 = Release|x64
		{CF21F57A-1AA3-4D87-BCEA-270FC83ABB6D}.Release|x86.ActiveCfg = Release|Win32
		{CF21F57A-1AA3-4D87-BCEA-270FC83ABB6D}.Release|x86.Build.0 = Release|Win32
		{A3702BC0-FB2C-4A74-8EFE-AFFBF4E1E441}.Debug|x64.ActiveCfg = Debug|x64
		{A3702BC0-FB2C-4A74-8EFE-AFFBF4E1E441}.Debug|x64.Build.0 = Debug|x64
		{A3702BC0-FB2C-4A74-8EFE-AFFBF4E1E441}.Debug|x86.ActiveCfg = Debug|Win32
		{A3702BC0-FB2C-4A74-8EFE-AFFBF4E1E441}.Debug|x86.Build.0 = Debug|Win32
		{A3702BC0-FB2C-4A74-8EFE-AFFBF4E1E441}.Release|x64.ActiveCfg = Release|x64
		{A3702BC0-FB2C-4A74-8EFE-AFFBF4E1E441}.Release|x64.Build.0 = Release|x64
		{A3702BC0-FB2C-4A74-8EFE-AFFBF4E1E441}.Release|x86.ActiveCfg = Release|Win32
		{A3702BC0-FB2C-4A74-8EFE-AFFBF4E1E441}.Release|x86.Build.0 = Release|Win32
		{E1B56463-8C68-4AEE-9BE8-1D3D34E6D778}.Debug|x64.ActiveCfg = Debug|x64
		{E1B56463-8C68-4AEE-9BE8-1D3D34E6D778}.Debug|x64.Build.0 = Debug|x64
		{E1B56463-8C68-4AEE-9BE8-1D3D34E6D778}.Debug|x86.ActiveCfg = Debug|Win32
		{E1B56463-8C68-4AEE-9BE8-1D3D34E6D778}.Debug|x86.Build.0 = Debug|Win32
		{E1B56463-8C68-4AEE-9BE8-1D3D34E6D778}.Release|x64.ActiveCfg = Release|x64
		{E1B56463-8C68-4AEE-9BE8-1D3D34E6D778}.Release|x64.Build.0 = Release|x64
		{E1B56463-8C68-4AEE-9BE8-1D3D34E6D778}.Release|x86.ActiveCfg = Release|Win32
		{E1B56463-8C68-4AEE-9BE8-1D3D34E6D778}.Release|x86.Build.0 = Release|Win32
		{C30670DD-2EDF-4614-825C-08829E8ED9B5}.Debug|x64.ActiveCfg = Debug|x64
		{C30670DD-2EDF-4614-825C-08829E8ED9B5}.Debug|x64.Build.0 = Debug|x64
		{C30670DD-2EDF-4614-825C-08829E8ED9B5}.Debug|x86.ActiveCfg = Debug|Win32
		{C30670DD-2EDF-4614-825C-08829E8ED9B5}.Debug|x86.Build.0 = Debug|Win32
		{C30670DD-2EDF-4614-825C-08829E8ED9B5}.Release|x64.ActiveCfg = Release|x64
		{C30670DD-2EDF-4614-825C-08829E8ED9B5}.Release|x64.Build.0 = Release|x64
		{C30670DD-2EDF-4614-825C-08829E8ED9B5}.Release|x86.ActiveCfg = Release|Win32
		{C30670DD-2EDF-4614-825C-08829E8ED9B5}.Release|x86.Build.0 = Release|Win32
		{4C6284AC-945B-450F-92AE-6CEFBDE941C6}.Debug|x64.ActiveCfg = Debug|x64
		{4C6284AC-945B-450F-92AE-6CEFBDE941C6}.Debug|x64.Build.0 = Debug|x64
		{4C6284AC-945B-450F-92AE-6CEFBDE941C6}.Debug|x86.ActiveCfg = Debug|Win32
		{4C6284AC-945B-450F-92AE-6CEFBDE941C6}.Debug|x86.Build.0 = Debug|Win32
		{4C6284AC-945B-450F-92AE-6CEFBDE941C6}.Release|x64.ActiveCfg = Release|x64
		{4C6284AC-945B-450F-92AE-6CEFBDE941C6}.Release|x64.Build.0 = Release|x64
		{4C6284AC-945B-450F-92AE-6CEFBDE941C6}.Release|x86.ActiveCfg = Release|Win32
		{4C6284AC-945B-450F-92AE-6CEFBDE941C6}.Release|x86.Build.0 = Release|Win32
		{AF9F8B7E-C0CE-46D6-BC8E-49A64513C60A}.Debug|x64.ActiveCfg = Debug|x64
		{AF9F8B7E-C0CE-46D6-BC8E-49A64513C60A}.Debug|x64.Build.0 = Debug|x64
		{AF9F8B7E-C0CE-46D6-BC8E-49A64513C60A}.Debug|x86.ActiveCfg = Debug|Win32
		{AF9F8B7E-C0CE-46D6-BC8E-49A64513C60A}.Debug|x86.Build.0 = Debug|Win32
		{AF9F8B7E-C0CE-46D6-BC8E-49A64513C60A}.Release|x64.ActiveCfg = Release|x64
		{AF9F8B7E-C0CE-46D6-BC8E-49A64513C60A}.Release|x64.Build.0 = Release|x64
		{AF9F8B7E-C0CE-46D6-BC8E-49A64513C60A}.Release|x86.ActiveCfg = Release|Win32
		{AF9F8B7E-C0CE-46D6-BC8E-49A64513C60A}.Release|x86.Build.0 = Release|Win32
		{D12C77AD-70EB-4764-968E-8693F1095BAE}.Debug|x64.ActiveCfg = Debug|x64
		{D12C77AD-70EB-4764-968E-8693F1095BAE}.Debug|x64.Build.0 = Debug|x64
		{D12C77AD-70EB-4764-968E-8693F1095BAE}.Debug|x86.ActiveCfg = Debug|Win32
		{D12C77AD-70EB-4764-968E-8693F1095BAE}.Debug|x86.Build.0 = Debug|Win32
		{D12C77AD-70EB-4764-968E-8693F1095BAE}.Release|x64.ActiveCfg = Release|x64
		{D12C77AD-70EB-4764-968E-8693F1095BAE}.Release|x64.Build.0 = Release|x64
		{D12C77AD-70EB-4764-968E-8693F1095BAE}.Release|x86.ActiveCfg = Release|Win32
		{D12C77AD-70EB-4764-968E-8693F1095BAE}.Release|x86.Build.0 = Release|Win32
		{BD4D713A-6A74-47BF-8F18-0DEC69F66F7B}.Debug|x64.ActiveCfg = Debug|x64
		{BD4D713A-6A74-47BF-8F18-0DEC69F66F7B}.Debug|x64.Build.0 = Debug|x64
		{BD4D713A-6A74-47BF-8F18-0DEC69F66F7B}.Debug|x86.ActiveCfg = Debug|Win32
		{BD4D713A-6A74-47BF-8F18-0DEC69F66F7B}.Debug|x86.Build.0 = Debug|Win32
		{BD4D713A-6A74-47BF-8F18-0DEC69F66F7B}.Release|x64.ActiveCfg = Release|x64
		{BD4D713A-6A74-47BF-8F18-0DEC69F66F7B}.Release|x64.Build.0 = Release|x64
		{BD4D713A-6A74-47BF-8F18-0DEC69F66F7B}.Release|x86.ActiveCfg = Release|Win32
		{BD4D713A-6A74-47BF-8F18-0DEC69F66F7B}.Release|x86.Build.0 = Release|Win32
		{6FA61378-1744-4C0A-8A36-1E4FBA04D3DB}.Debug|x64.ActiveCfg = Debug|x64
		{6FA61378-1744-4C0A-8A36-1E4FBA04D3DB}.Debug|x64.Build.0 = Debug|x64
		{6FA61378-1744-4C0A-8A36-1E4FBA04D3DB}.Debug|x86.ActiveCfg = Debug|Win32
		{6FA61378-1744-4C0A-8A36-1E4FBA04D3DB}.Debug|x86.Build.0 = Debug|Win32
		{6FA61378-1744-4C0A-8A36-1E4FBA04D3DB}.Release|x64.ActiveCfg = Release|x64
		{6FA61378-1744-4C0A-8A36-1E4FBA04D3DB}.Release|x64.Build.0 = Release|x64
		{6FA61378-1744-4C0A-8A36-1E4FBA04D3DB}.Release|x86.ActiveCfg = Release|Win32
		{6FA61378-1744-4C0A-8A36-1E4FBA04D3DB}.Release|x86.Build.0 = Release|Win32
		{FFFE01DE-10B2-408A-9149-03905B5D473F}.Debug|x64.ActiveCfg = Debug|x64
		{FFFE01DE-10B2-408A-9149-03905B5D473F}.Debug|x64.Build.0 = Debug|x64
		{FFFE01DE-10B2-408A-9149-03905B5D473F}.Debug|x86.ActiveCfg = Debug|Win32
		{FFFE01DE-10B2-408A-9149-03905B5D473F}.Debug|x86.Build.0 = Debug|Win32
		{FFFE01DE-10B2-408A-9149-03905B5D473F}.Release|x64.ActiveCfg = Release|x64
		{FFFE01DE-10B2-408A-9149-03905B5D473F}.Release|x64.Build.0 = Release|x64
		{FFFE01DE-10B2-408A-9149-03905B5D473F}.Release|x86.ActiveCfg = Release|Win32
		{FFFE01DE-10B2-408A-9149-03905B5D473F}.Release|x86.Build.0 = Release|Win32
		{570FD717-0614-4305-AB85-061A0A8E97BB}.Debug|x64.ActiveCfg = Debug|x64
		{570FD717-0614-4305-AB85-061A0A8E97BB}.Debug|x64.Build.0 = Debug|x64
		{570FD717-0614-4305-AB85-061A0A8E97BB}.Debug|x86.ActiveCfg = Debug|Win32
		{570FD717-0614-4305-AB85-061A0A8E97BB}.Debug|x86.Build.0 = Debug|Win32
		{570FD717-0614-4305-AB85-061A0A8E97BB}.Release|x64.ActiveCfg = Release|x64
		{570FD717-0614-4305-AB85-061A0A8E97BB}.Release|x64.Build.0 = Release|x64
		{570FD717-0614-4305-AB85-061A0A8E97BB}.Release|x86.ActiveCfg = Release|Win32
		{570FD717-0614-4305-AB85-061A0A8E97BB}.Release|x86.Build.0 = Release|Win32
		{E706DA0C-EAB8-4CAB-B3F3-254279BCD4DB}.Debug|x64.ActiveCfg = Debug|x64
		{E706DA0C-EAB8-4CAB-B3F3-254279BCD4DB}.Debug|x64.Build.0 = Debug|x64
		{E706DA0C-EAB8-4CAB-B3F3-254279BCD4DB}.Debug|x86.ActiveCfg = Debug|Win32
		{E706DA0C-EAB8-4CAB-B3F3-254279BCD4DB}.Debug|x86.Build.0 = Debug|Win32
		{E706DA0C-EAB8-4CAB-B3F3-254279BCD4DB}.Release|x64.ActiveCfg = Release|x64
		{E706DA0C-EAB8-4CAB-B3F3-254279BCD4DB}.Release|x64.Build.0 = Release|x64
		{E706DA0C-EAB8-4CAB-B3F3-254279BCD4DB}.Release|x86.ActiveCfg = Release|Win32
		{E706DA0C-EAB8-4CAB-B3F3-254279BCD4DB}.Release|x86.Build.0 = Release|Win32
		{63EA0E96-2032-49C5-BE91-F84C791131CD}.Debug|x64.ActiveCfg = Debug|x64
		{63EA0E96-2032-49C5-BE91-F84C791131CD}.Debug|x64.Build.0 = Debug|x64
		{63EA0E96-2032-49C5-BE91-F84C791131CD}.Debug|x86.ActiveCfg = Debug|Win32
		{63EA0E96-2032-49C5-BE91-F84C791131CD}.Debug|x86.Build.0 = Debug|Win32
		{63EA0E96-2032-49C5-BE91-F84C791131CD}.Release|x64.ActiveCfg = Release|x64
		{63EA0E96-2032-49C5-BE91-F84C791131CD}.Release|x64.Build.0 = Release|x64
		{63EA0E96-2032-49C5-BE91-F84C791131CD}.Release|x86.ActiveCfg = Release|Win32
		{63EA0E96-2032-49C5-BE91-F84C791131CD}.Release|x86.Build.0 = Release|Win32
		{7229C48C-C11B-468F-82D3-879DEB5B8BA6}.Debug|x64.ActiveCfg = Debug|x64
		{7229C48C-C11B-468F-82D3-879DEB5B8BA6}.Debug|x64.Build.0 = Debug|x64
		{7229C48C-C11B-468F-82D3-879DEB5B8BA6}.Debug|x86.ActiveCfg = Debug|Win32
		{7229C48C-C11B-468F-82D3-879DEB5B8BA6}.Debug|x86.Build.0 = Debug|Win32
		{7229C48C-C11B-468F-82D3-879DEB5B8BA6}.Release|x64.ActiveCfg = Release|x64
		{7229C48C-C11B-468F-82D3-879DEB5B8BA6}.Release|x64.Build.0 = Release|x64
		{7229C48C-C11B-468F-82D3-879DEB5B8BA6}.Release|x86.ActiveCfg = Release|Win32
		{7229C48C-C11B-468F-82D3-879DEB5B8BA6}.Release|x86.Build.0 = Release|Win32
		{10F9C3FA-66A5-464B-B9E9-52B2BAE78F7A}.Debug|x64.ActiveCfg = Debug|x64
		{10F9C3FA-66A5-464B-B9E9-52B2BAE78F7A}.Debug|x64.Build.0 = Debug|x64
		{10F9C3FA-66A5-464B-B9E9-52B2BAE78F7A}.Debug|x86.ActiveCfg = Debug|Win32
		{10F9C3FA-66A5-464B-B9E9-52B2BAE78F7A}.Debug|x86.Build.0 = Debug|Win32
		{10F9C3FA-66A5-464B-B9E9-52B2BAE78F7A}.Release|x64.ActiveCfg = Release|x64
		{10F9C3FA-66A5-464B-B9E9-52B2BAE78F7A}.Release|x64.Build.0 = Release|x64
		{10F9C3FA-66A5-464B-B9E9-52B2BAE78F7A}.Release|x86.ActiveCfg = Release|Win32
		{10F9C3FA-66A5-464B-B9E9-52B2BAE78F7A}.Release|x86.Build.0 = Release|Win32
	EndGlobalSection
	GlobalSection(SolutionProperties) = preSolution
		HideSolutionNode = FALSE
	EndGlobalSection
	GlobalSection(ExtensibilityGlobals) = postSolution
		SolutionGuid = {95B66384-C96E-427F-A4BD-A5129D52FD0D}
	EndGlobalSection
EndGlobal
