
Microsoft Visual Studio Solution File, Format Version 12.00
# Visual Studio Version 17
VisualStudioVersion = 17.14.36221.1
MinimumVisualStudioVersion = 10.0.40219.1
Project("{8BC9CEB8-8B4A-11D0-8D11-00A0C91BC942}") = "Common", "Common\Common.vcxproj", "{05774CF5-5EB5-455B-8ADF-707FB11F2F9F}"
EndProject
Project("{8BC9CEB8-8B4A-11D0-8D11-00A0C91BC942}") = "01_RenderingQuadangle", "01_RenderingQuadangle\01_RenderingQuadangle.vcxproj", "{AFD07354-09F1-4F80-93C6-8D16EEAC6D7D}"
EndProject
Project("{8BC9CEB8-8B4A-11D0-8D11-00A0C91BC942}") = "02_RenderingCube", "02_RenderingCube\02_RenderingCube.vcxproj", "{3BC61C23-5239-4575-8FF2-768FBE3A9724}"
EndProject
Project("{8BC9CEB8-8B4A-11D0-8D11-00A0C91BC942}") = "03_RenderingMeshAndSceneGraph", "03_RenderingMeshAndSceneGraph\03_RenderingMeshAndSceneGraph.vcxproj", "{F35C059D-BBBB-4C5E-B89F-B92FA7A38214}"
EndProject
Project("{8BC9CEB8-8B4A-11D0-8D11-00A0C91BC942}") = "04_RenderingMeshWithTexture", "04_RenderingMeshWithTexture\04_RenderingMeshWithTexture.vcxproj", "{12DAAF4D-8665-47D3-939E-67C749FBA2B0}"
EndProject
Project("{8BC9CEB8-8B4A-11D0-8D11-00A0C91BC942}") = "05_Mesh", "05_Mesh\05_Mesh.vcxproj", "{044FC110-7385-4A95-9989-B8A13CD64BC8}"
EndProject
Project("{8BC9CEB8-8B4A-11D0-8D11-00A0C91BC942}") = "06_pmx", "06_pmx\06_pmx.vcxproj", "{E3393DE4-0F71-4689-872B-FFADEF3E0964}"
EndProject
Project("{8BC9CEB8-8B4A-11D0-8D11-00A0C91BC942}") = "07_pmxTexture", "07_pmxTexture\07_pmxTexture.vcxproj", "{20C776A5-029A-41A7-877F-FDC0F487FD20}"
EndProject
Project("{8BC9CEB8-8B4A-11D0-8D11-00A0C91BC942}") = "08_ImguiSystemInfo", "08_ImguiSystemInfo\08_ImguiSystemInfo.vcxproj", "{4802A511-C5C7-455B-9F85-FFFAEE99E5FE}"
EndProject
Project("{8BC9CEB8-8B4A-11D0-8D11-00A0C91BC942}") = "09_Lighting", "09_Lighting\09_Lighting.vcxproj", "{4A75D11F-42F6-4782-AD92-06E3082F0EC1}"
EndProject
Project("{8BC9CEB8-8B4A-11D0-8D11-00A0C91BC942}") = "10_StaticCube_SkyBox", "10_StaticCube_SkyBox\10_StaticCube_SkyBox.vcxproj", "{23068BB2-7C48-4C00-B64C-C3509358774B}"
EndProject
Project("{8BC9CEB8-8B4A-11D0-8D11-00A0C91BC942}") = "11_Live2D", "11_Live2D\11_Live2D.vcxproj", "{FB9CB096-3C4E-4C79-9586-1C51C4C6766B}"
EndProject
Global
	GlobalSection(SolutionConfigurationPlatforms) = preSolution
		Debug|x64 = Debug|x64
		Debug|x86 = Debug|x86
		Release|x64 = Release|x64
		Release|x86 = Release|x86
	EndGlobalSection
	GlobalSection(ProjectConfigurationPlatforms) = postSolution
		{05774CF5-5EB5-455B-8ADF-707FB11F2F9F}.Debug|x64.ActiveCfg = Debug|x64
		{05774CF5-5EB5-455B-8ADF-707FB11F2F9F}.Debug|x64.Build.0 = Debug|x64
		{05774CF5-5EB5-455B-8ADF-707FB11F2F9F}.Debug|x86.ActiveCfg = Debug|Win32
		{05774CF5-5EB5-455B-8ADF-707FB11F2F9F}.Debug|x86.Build.0 = Debug|Win32
		{05774CF5-5EB5-455B-8ADF-707FB11F2F9F}.Release|x64.ActiveCfg = Release|x64
		{05774CF5-5EB5-455B-8ADF-707FB11F2F9F}.Release|x64.Build.0 = Release|x64
		{05774CF5-5EB5-455B-8ADF-707FB11F2F9F}.Release|x86.ActiveCfg = Release|Win32
		{05774CF5-5EB5-455B-8ADF-707FB11F2F9F}.Release|x86.Build.0 = Release|Win32
		{AFD07354-09F1-4F80-93C6-8D16EEAC6D7D}.Debug|x64.ActiveCfg = Debug|x64
		{AFD07354-09F1-4F80-93C6-8D16EEAC6D7D}.Debug|x64.Build.0 = Debug|x64
		{AFD07354-09F1-4F80-93C6-8D16EEAC6D7D}.Debug|x86.ActiveCfg = Debug|Win32
		{AFD07354-09F1-4F80-93C6-8D16EEAC6D7D}.Debug|x86.Build.0 = Debug|Win32
		{AFD07354-09F1-4F80-93C6-8D16EEAC6D7D}.Release|x64.ActiveCfg = Release|x64
		{AFD07354-09F1-4F80-93C6-8D16EEAC6D7D}.Release|x64.Build.0 = Release|x64
		{AFD07354-09F1-4F80-93C6-8D16EEAC6D7D}.Release|x86.ActiveCfg = Release|Win32
		{AFD07354-09F1-4F80-93C6-8D16EEAC6D7D}.Release|x86.Build.0 = Release|Win32
		{3BC61C23-5239-4575-8FF2-768FBE3A9724}.Debug|x64.ActiveCfg = Debug|x64
		{3BC61C23-5239-4575-8FF2-768FBE3A9724}.Debug|x64.Build.0 = Debug|x64
		{3BC61C23-5239-4575-8FF2-768FBE3A9724}.Debug|x86.ActiveCfg = Debug|Win32
		{3BC61C23-5239-4575-8FF2-768FBE3A9724}.Debug|x86.Build.0 = Debug|Win32
		{3BC61C23-5239-4575-8FF2-768FBE3A9724}.Release|x64.ActiveCfg = Release|x64
		{3BC61C23-5239-4575-8FF2-768FBE3A9724}.Release|x64.Build.0 = Release|x64
		{3BC61C23-5239-4575-8FF2-768FBE3A9724}.Release|x86.ActiveCfg = Release|Win32
		{3BC61C23-5239-4575-8FF2-768FBE3A9724}.Release|x86.Build.0 = Release|Win32
		{F35C059D-BBBB-4C5E-B89F-B92FA7A38214}.Debug|x64.ActiveCfg = Debug|x64
		{F35C059D-BBBB-4C5E-B89F-B92FA7A38214}.Debug|x64.Build.0 = Debug|x64
		{F35C059D-BBBB-4C5E-B89F-B92FA7A38214}.Debug|x86.ActiveCfg = Debug|Win32
		{F35C059D-BBBB-4C5E-B89F-B92FA7A38214}.Debug|x86.Build.0 = Debug|Win32
		{F35C059D-BBBB-4C5E-B89F-B92FA7A38214}.Release|x64.ActiveCfg = Release|x64
		{F35C059D-BBBB-4C5E-B89F-B92FA7A38214}.Release|x64.Build.0 = Release|x64
		{F35C059D-BBBB-4C5E-B89F-B92FA7A38214}.Release|x86.ActiveCfg = Release|Win32
		{F35C059D-BBBB-4C5E-B89F-B92FA7A38214}.Release|x86.Build.0 = Release|Win32
		{12DAAF4D-8665-47D3-939E-67C749FBA2B0}.Debug|x64.ActiveCfg = Debug|x64
		{12DAAF4D-8665-47D3-939E-67C749FBA2B0}.Debug|x64.Build.0 = Debug|x64
		{12DAAF4D-8665-47D3-939E-67C749FBA2B0}.Debug|x86.ActiveCfg = Debug|Win32
		{12DAAF4D-8665-47D3-939E-67C749FBA2B0}.Debug|x86.Build.0 = Debug|Win32
		{12DAAF4D-8665-47D3-939E-67C749FBA2B0}.Release|x64.ActiveCfg = Release|x64
		{12DAAF4D-8665-47D3-939E-67C749FBA2B0}.Release|x64.Build.0 = Release|x64
		{12DAAF4D-8665-47D3-939E-67C749FBA2B0}.Release|x86.ActiveCfg = Release|Win32
		{12DAAF4D-8665-47D3-939E-67C749FBA2B0}.Release|x86.Build.0 = Release|Win32
		{044FC110-7385-4A95-9989-B8A13CD64BC8}.Debug|x64.ActiveCfg = Debug|x64
		{044FC110-7385-4A95-9989-B8A13CD64BC8}.Debug|x64.Build.0 = Debug|x64
		{044FC110-7385-4A95-9989-B8A13CD64BC8}.Debug|x86.ActiveCfg = Debug|Win32
		{044FC110-7385-4A95-9989-B8A13CD64BC8}.Debug|x86.Build.0 = Debug|Win32
		{044FC110-7385-4A95-9989-B8A13CD64BC8}.Release|x64.ActiveCfg = Release|x64
		{044FC110-7385-4A95-9989-B8A13CD64BC8}.Release|x64.Build.0 = Release|x64
		{044FC110-7385-4A95-9989-B8A13CD64BC8}.Release|x86.ActiveCfg = Release|Win32
		{044FC110-7385-4A95-9989-B8A13CD64BC8}.Release|x86.Build.0 = Release|Win32
		{E3393DE4-0F71-4689-872B-FFADEF3E0964}.Debug|x64.ActiveCfg = Debug|x64
		{E3393DE4-0F71-4689-872B-FFADEF3E0964}.Debug|x64.Build.0 = Debug|x64
		{E3393DE4-0F71-4689-872B-FFADEF3E0964}.Debug|x86.ActiveCfg = Debug|Win32
		{E3393DE4-0F71-4689-872B-FFADEF3E0964}.Debug|x86.Build.0 = Debug|Win32
		{E3393DE4-0F71-4689-872B-FFADEF3E0964}.Release|x64.ActiveCfg = Release|x64
		{E3393DE4-0F71-4689-872B-FFADEF3E0964}.Release|x64.Build.0 = Release|x64
		{E3393DE4-0F71-4689-872B-FFADEF3E0964}.Release|x86.ActiveCfg = Release|Win32
		{E3393DE4-0F71-4689-872B-FFADEF3E0964}.Release|x86.Build.0 = Release|Win32
		{20C776A5-029A-41A7-877F-FDC0F487FD20}.Debug|x64.ActiveCfg = Debug|x64
		{20C776A5-029A-41A7-877F-FDC0F487FD20}.Debug|x64.Build.0 = Debug|x64
		{20C776A5-029A-41A7-877F-FDC0F487FD20}.Debug|x86.ActiveCfg = Debug|Win32
		{20C776A5-029A-41A7-877F-FDC0F487FD20}.Debug|x86.Build.0 = Debug|Win32
		{20C776A5-029A-41A7-877F-FDC0F487FD20}.Release|x64.ActiveCfg = Release|x64
		{20C776A5-029A-41A7-877F-FDC0F487FD20}.Release|x64.Build.0 = Release|x64
		{20C776A5-029A-41A7-877F-FDC0F487FD20}.Release|x86.ActiveCfg = Release|Win32
		{20C776A5-029A-41A7-877F-FDC0F487FD20}.Release|x86.Build.0 = Release|Win32
		{4802A511-C5C7-455B-9F85-FFFAEE99E5FE}.Debug|x64.ActiveCfg = Debug|x64
		{4802A511-C5C7-455B-9F85-FFFAEE99E5FE}.Debug|x64.Build.0 = Debug|x64
		{4802A511-C5C7-455B-9F85-FFFAEE99E5FE}.Debug|x86.ActiveCfg = Debug|Win32
		{4802A511-C5C7-455B-9F85-FFFAEE99E5FE}.Debug|x86.Build.0 = Debug|Win32
		{4802A511-C5C7-455B-9F85-FFFAEE99E5FE}.Release|x64.ActiveCfg = Release|x64
		{4802A511-C5C7-455B-9F85-FFFAEE99E5FE}.Release|x64.Build.0 = Release|x64
		{4802A511-C5C7-455B-9F85-FFFAEE99E5FE}.Release|x86.ActiveCfg = Release|Win32
		{4802A511-C5C7-455B-9F85-FFFAEE99E5FE}.Release|x86.Build.0 = Release|Win32
		{4A75D11F-42F6-4782-AD92-06E3082F0EC1}.Debug|x64.ActiveCfg = Debug|x64
		{4A75D11F-42F6-4782-AD92-06E3082F0EC1}.Debug|x64.Build.0 = Debug|x64
		{4A75D11F-42F6-4782-AD92-06E3082F0EC1}.Debug|x86.ActiveCfg = Debug|Win32
		{4A75D11F-42F6-4782-AD92-06E3082F0EC1}.Debug|x86.Build.0 = Debug|Win32
		{4A75D11F-42F6-4782-AD92-06E3082F0EC1}.Release|x64.ActiveCfg = Release|x64
		{4A75D11F-42F6-4782-AD92-06E3082F0EC1}.Release|x64.Build.0 = Release|x64
		{4A75D11F-42F6-4782-AD92-06E3082F0EC1}.Release|x86.ActiveCfg = Release|Win32
		{4A75D11F-42F6-4782-AD92-06E3082F0EC1}.Release|x86.Build.0 = Release|Win32
		{23068BB2-7C48-4C00-B64C-C3509358774B}.Debug|x64.ActiveCfg = Debug|x64
		{23068BB2-7C48-4C00-B64C-C3509358774B}.Debug|x64.Build.0 = Debug|x64
		{23068BB2-7C48-4C00-B64C-C3509358774B}.Debug|x86.ActiveCfg = Debug|Win32
		{23068BB2-7C48-4C00-B64C-C3509358774B}.Debug|x86.Build.0 = Debug|Win32
		{23068BB2-7C48-4C00-B64C-C3509358774B}.Release|x64.ActiveCfg = Release|x64
		{23068BB2-7C48-4C00-B64C-C3509358774B}.Release|x64.Build.0 = Release|x64
		{23068BB2-7C48-4C00-B64C-C3509358774B}.Release|x86.ActiveCfg = Release|Win32
		{23068BB2-7C48-4C00-B64C-C3509358774B}.Release|x86.Build.0 = Release|Win32
		{FB9CB096-3C4E-4C79-9586-1C51C4C6766B}.Debug|x64.ActiveCfg = Debug|x64
		{FB9CB096-3C4E-4C79-9586-1C51C4C6766B}.Debug|x64.Build.0 = Debug|x64
		{FB9CB096-3C4E-4C79-9586-1C51C4C6766B}.Debug|x86.ActiveCfg = Debug|Win32
		{FB9CB096-3C4E-4C79-9586-1C51C4C6766B}.Debug|x86.Build.0 = Debug|Win32
		{FB9CB096-3C4E-4C79-9586-1C51C4C6766B}.Release|x64.ActiveCfg = Release|x64
		{FB9CB096-3C4E-4C79-9586-1C51C4C6766B}.Release|x64.Build.0 = Release|x64
		{FB9CB096-3C4E-4C79-9586-1C51C4C6766B}.Release|x86.ActiveCfg = Release|Win32
		{FB9CB096-3C4E-4C79-9586-1C51C4C6766B}.Release|x86.Build.0 = Release|Win32
	EndGlobalSection
	GlobalSection(SolutionProperties) = preSolution
		HideSolutionNode = FALSE
	EndGlobalSection
	GlobalSection(ExtensibilityGlobals) = postSolution
		SolutionGuid = {95B66384-C96E-427F-A4BD-A5129D52FD0D}
	EndGlobalSection
EndGlobal
